
Microsoft Visual Studio Solution File, Format Version 12.00
# Visual Studio 15
VisualStudioVersion = 15.0.28307.1145
MinimumVisualStudioVersion = 10.0.40219.1
Project("{FAE04EC0-301F-11D3-BF4B-00C04F79EFBC}") = "CSF1WeekendHomeWork", "CSF1WeekendHomeWork\CSF1WeekendHomeWork.csproj", "{980A31F8-389A-4A29-A952-53A370850842}"
EndProject
Global
	GlobalSection(SolutionConfigurationPlatforms) = preSolution
		Debug|Any CPU = Debug|Any CPU
		Release|Any CPU = Release|Any CPU
	EndGlobalSection
	GlobalSection(ProjectConfigurationPlatforms) = postSolution
		{980A31F8-389A-4A29-A952-53A370850842}.Debug|Any CPU.ActiveCfg = Debug|Any CPU
		{980A31F8-389A-4A29-A952-53A370850842}.Debug|Any CPU.Build.0 = Debug|Any CPU
		{980A31F8-389A-4A29-A952-53A370850842}.Release|Any CPU.ActiveCfg = Release|Any CPU
		{980A31F8-389A-4A29-A952-53A370850842}.Release|Any CPU.Build.0 = Release|Any CPU
	EndGlobalSection
	GlobalSection(SolutionProperties) = preSolution
		HideSolutionNode = FALSE
	EndGlobalSection
	GlobalSection(ExtensibilityGlobals) = postSolution
		SolutionGuid = {E7D1EEA3-907B-4DDE-8954-34F2E8DB13B0}
	EndGlobalSection
EndGlobal
